
Microsoft Visual Studio Solution File, Format Version 12.00
# Visual Studio Version 16
VisualStudioVersion = 16.0.29519.87
MinimumVisualStudioVersion = 10.0.40219.1
Project("{FAE04EC0-301F-11D3-BF4B-00C04F79EFBC}") = "Messages-MS", "Messages-MS\Messages-MS.csproj", "{7EC77CFC-9A12-492B-AB63-BAE31E0DF6E9}"
EndProject
Global
	GlobalSection(SolutionConfigurationPlatforms) = preSolution
		Debug|Any CPU = Debug|Any CPU
		Release|Any CPU = Release|Any CPU
	EndGlobalSection
	GlobalSection(ProjectConfigurationPlatforms) = postSolution
		{7EC77CFC-9A12-492B-AB63-BAE31E0DF6E9}.Debug|Any CPU.ActiveCfg = Debug|Any CPU
		{7EC77CFC-9A12-492B-AB63-BAE31E0DF6E9}.Debug|Any CPU.Build.0 = Debug|Any CPU
		{7EC77CFC-9A12-492B-AB63-BAE31E0DF6E9}.Release|Any CPU.ActiveCfg = Release|Any CPU
		{7EC77CFC-9A12-492B-AB63-BAE31E0DF6E9}.Release|Any CPU.Build.0 = Release|Any CPU
	EndGlobalSection
	GlobalSection(SolutionProperties) = preSolution
		HideSolutionNode = FALSE
	EndGlobalSection
	GlobalSection(ExtensibilityGlobals) = postSolution
		SolutionGuid = {2338F64F-7A25-40CD-8186-411FD7D38981}
	EndGlobalSection
EndGlobal
