
Microsoft Visual Studio Solution File, Format Version 12.00
# Visual Studio Version 16
VisualStudioVersion = 16.0.29613.14
MinimumVisualStudioVersion = 10.0.40219.1
Project("{FAE04EC0-301F-11D3-BF4B-00C04F79EFBC}") = "Likes-MS", "Likes-MS\Likes-MS.csproj", "{21E9FC51-97FB-4B49-A56D-7EC8351ECDD5}"
EndProject
Global
	GlobalSection(SolutionConfigurationPlatforms) = preSolution
		Debug|Any CPU = Debug|Any CPU
		Release|Any CPU = Release|Any CPU
	EndGlobalSection
	GlobalSection(ProjectConfigurationPlatforms) = postSolution
		{21E9FC51-97FB-4B49-A56D-7EC8351ECDD5}.Debug|Any CPU.ActiveCfg = Debug|Any CPU
		{21E9FC51-97FB-4B49-A56D-7EC8351ECDD5}.Debug|Any CPU.Build.0 = Debug|Any CPU
		{21E9FC51-97FB-4B49-A56D-7EC8351ECDD5}.Release|Any CPU.ActiveCfg = Release|Any CPU
		{21E9FC51-97FB-4B49-A56D-7EC8351ECDD5}.Release|Any CPU.Build.0 = Release|Any CPU
	EndGlobalSection
	GlobalSection(SolutionProperties) = preSolution
		HideSolutionNode = FALSE
	EndGlobalSection
	GlobalSection(ExtensibilityGlobals) = postSolution
		SolutionGuid = {E0551B34-1603-4279-AE35-978D7D53C42A}
	EndGlobalSection
EndGlobal
